Microsoft Visual Studio Solution File, Format Version 12.00
# Visual Studio Version 17
VisualStudioVersion = 17.5.2.0
MinimumVisualStudioVersion = 10.0.40219.1
Project("{FAE04EC0-301F-11D3-BF4B-00C04F79EFBC}") = "CloudFlowExplorer", "CloudFlowExplorer.csproj", "{9875A9F7-DABF-661D-2549-6793E7ABF779}"
EndProject
Global
	GlobalSection(SolutionConfigurationPlatforms) = preSolution
		Debug|Any CPU = Debug|Any CPU
		Release|Any CPU = Release|Any CPU
	EndGlobalSection
	GlobalSection(ProjectConfigurationPlatforms) = postSolution
		{9875A9F7-DABF-661D-2549-6793E7ABF779}.Debug|Any CPU.ActiveCfg = Debug|Any CPU
		{9875A9F7-DABF-661D-2549-6793E7ABF779}.Debug|Any CPU.Build.0 = Debug|Any CPU
		{9875A9F7-DABF-661D-2549-6793E7ABF779}.Release|Any CPU.ActiveCfg = Release|Any CPU
		{9875A9F7-DABF-661D-2549-6793E7ABF779}.Release|Any CPU.Build.0 = Release|Any CPU
	EndGlobalSection
	GlobalSection(SolutionProperties) = preSolution
		HideSolutionNode = FALSE
	EndGlobalSection
	GlobalSection(ExtensibilityGlobals) = postSolution
		SolutionGuid = {8B29AF6B-5C68-416A-B9A6-40E0B2E5593B}
	EndGlobalSection
EndGlobal
